{
  "name": "RexPayReact",
  "lockfileVersion": 3,
  "requires": true,
  "packages": {
    "": {
      "dependencies": {
        "rexpay": "^1.0.4"
      }
    },
    "node_modules/rexpay": {
      "version": "1.0.4",
      "resolved": "https://registry.npmjs.org/rexpay/-/rexpay-1.0.4.tgz",
      "integrity": "sha512-+r5WpKL5wAvAjP13OUqwstdxycDbcbGQ3Gk1iF4mX4aJRNT3JhDr9KQeUr3x49BoYV0KfHeRAH/eLDVRC/tKew=="
    }
  }
}
